
Microsoft Visual Studio Solution File, Format Version 12.00
# Visual Studio Version 17
VisualStudioVersion = 17.4.33020.496
MinimumVisualStudioVersion = 10.0.40219.1
Project("{FAE04EC0-301F-11D3-BF4B-00C04F79EFBC}") = "two-sum", "two-sum\two-sum.csproj", "{88B0598A-D52A-4013-8A4E-758D73F78367}"
EndProject
Global
	GlobalSection(SolutionConfigurationPlatforms) = preSolution
		Debug|Any CPU = Debug|Any CPU
		Release|Any CPU = Release|Any CPU
	EndGlobalSection
	GlobalSection(ProjectConfigurationPlatforms) = postSolution
		{88B0598A-D52A-4013-8A4E-758D73F78367}.Debug|Any CPU.ActiveCfg = Debug|Any CPU
		{88B0598A-D52A-4013-8A4E-758D73F78367}.Debug|Any CPU.Build.0 = Debug|Any CPU
		{88B0598A-D52A-4013-8A4E-758D73F78367}.Release|Any CPU.ActiveCfg = Release|Any CPU
		{88B0598A-D52A-4013-8A4E-758D73F78367}.Release|Any CPU.Build.0 = Release|Any CPU
	EndGlobalSection
	GlobalSection(SolutionProperties) = preSolution
		HideSolutionNode = FALSE
	EndGlobalSection
	GlobalSection(ExtensibilityGlobals) = postSolution
		SolutionGuid = {7202F8B3-AC86-4F60-9973-F1C8C30A6458}
	EndGlobalSection
EndGlobal
